
Microsoft Visual Studio Solution File, Format Version 12.00
# Visual Studio Version 16
VisualStudioVersion = 16.0.31702.278
MinimumVisualStudioVersion = 10.0.40219.1
Project("{FAE04EC0-301F-11D3-BF4B-00C04F79EFBC}") = "AdvancedProgramming", "AdvancedProgramming\AdvancedProgramming.csproj", "{D8CB4C49-EAB5-4B65-9D50-448BF4475321}"
EndProject
Global
	GlobalSection(SolutionConfigurationPlatforms) = preSolution
		Debug|Any CPU = Debug|Any CPU
		Release|Any CPU = Release|Any CPU
	EndGlobalSection
	GlobalSection(ProjectConfigurationPlatforms) = postSolution
		{D8CB4C49-EAB5-4B65-9D50-448BF4475321}.Debug|Any CPU.ActiveCfg = Debug|Any CPU
		{D8CB4C49-EAB5-4B65-9D50-448BF4475321}.Debug|Any CPU.Build.0 = Debug|Any CPU
		{D8CB4C49-EAB5-4B65-9D50-448BF4475321}.Release|Any CPU.ActiveCfg = Release|Any CPU
		{D8CB4C49-EAB5-4B65-9D50-448BF4475321}.Release|Any CPU.Build.0 = Release|Any CPU
	EndGlobalSection
	GlobalSection(SolutionProperties) = preSolution
		HideSolutionNode = FALSE
	EndGlobalSection
	GlobalSection(ExtensibilityGlobals) = postSolution
		SolutionGuid = {019D4252-33DD-429F-B846-8B5376AC3BF8}
	EndGlobalSection
EndGlobal
